Microsoft Visual Studio Solution File, Format Version 7.00
Project("{8BC9CEB8-8B4A-11D0-8D11-00A0C91BC942}") = "bncdb", "bncdb.vcproj", "{300F80E0-1A0E-4639-AEB9-18A692FF35F3}"
EndProject
Project("{8BC9CEB8-8B4A-11D0-8D11-00A0C91BC942}") = "d2cs", "d2cs.vcproj", "{300F80E0-1A0E-4639-AEB9-18A692FF35F3}"
EndProject
Project("{8BC9CEB8-8B4A-11D0-8D11-00A0C91BC942}") = "d2dbs", "d2dbs.vcproj", "{300F80E0-1A0E-4639-AEB9-18A692FF35F3}"
EndProject
Project("{8BC9CEB8-8B4A-11D0-8D11-00A0C91BC942}") = "PvPGN", "PvPGN.vcproj", "{300F80E0-1A0E-4639-AEB9-18A692FF35F3}"
EndProject
Global
	GlobalSection(SolutionConfiguration) = preSolution
		ConfigName.0 = Release
	EndGlobalSection
	GlobalSection(ProjectDependencies) = postSolution
	EndGlobalSection	
	GlobalSection(ProjectConfiguration) = postSolution
		{300F80E0-1A0E-4639-AEB9-18A692FF35F3}.Release.ActiveCfg = Release|Win32
		{300F80E0-1A0E-4639-AEB9-18A692FF35F3}.Release.Build.0 = Release|Win32
	EndGlobalSection
	GlobalSection(ExtensibilityGlobals) = postSolution
	EndGlobalSection
	GlobalSection(ExtensibilityAddIns) = postSolution
	EndGlobalSection
EndGlobal
